
Microsoft Visual Studio Solution File, Format Version 12.00
# Visual Studio Version 16
VisualStudioVersion = 16.0.31727.386
MinimumVisualStudioVersion = 10.0.40219.1
Project("{9A19103F-16F7-4668-BE54-9A1E7A4F7556}") = "ClassWork", "TestingCasting\ClassWork.csproj", "{30DDA715-39F8-4152-9BE2-38CD15C14F51}"
EndProject
Project("{2150E333-8FDC-42A3-9474-1A3956D46DE8}") = "Homework 4_2", "Homework 4_2", "{DFFDC323-552A-4420-ACC9-6A5E738E7F9F}"
	ProjectSection(SolutionItems) = preProject
		Class1.cs = Class1.cs
	EndProjectSection
EndProject
Project("{9A19103F-16F7-4668-BE54-9A1E7A4F7556}") = "Homework 4", "Homework 4\Homework 4.csproj", "{E513D95E-835C-4551-81DE-04AC6BC82AF7}"
EndProject
Project("{9A19103F-16F7-4668-BE54-9A1E7A4F7556}") = "HomeWork 4.3", "HomeWork 4.3\HomeWork 4.3.csproj", "{98DF0DE3-96F3-4BBC-8017-CA11C2C2C8F8}"
EndProject
Project("{9A19103F-16F7-4668-BE54-9A1E7A4F7556}") = "Homework 4.4", "Homework 4.4\Homework 4.4.csproj", "{4A8BD2CC-9C3F-4165-B8B1-BB8445701FE7}"
EndProject
Project("{FAE04EC0-301F-11D3-BF4B-00C04F79EFBC}") = "AnimalDescription", "AnimalDescription\AnimalDescription.csproj", "{3EB1BFB7-54E7-4B99-A4D0-C1AC8C62DA19}"
EndProject
Global
	GlobalSection(SolutionConfigurationPlatforms) = preSolution
		Debug|Any CPU = Debug|Any CPU
		Release|Any CPU = Release|Any CPU
	EndGlobalSection
	GlobalSection(ProjectConfigurationPlatforms) = postSolution
		{30DDA715-39F8-4152-9BE2-38CD15C14F51}.Debug|Any CPU.ActiveCfg = Debug|Any CPU
		{30DDA715-39F8-4152-9BE2-38CD15C14F51}.Debug|Any CPU.Build.0 = Debug|Any CPU
		{30DDA715-39F8-4152-9BE2-38CD15C14F51}.Release|Any CPU.ActiveCfg = Release|Any CPU
		{30DDA715-39F8-4152-9BE2-38CD15C14F51}.Release|Any CPU.Build.0 = Release|Any CPU
		{E513D95E-835C-4551-81DE-04AC6BC82AF7}.Debug|Any CPU.ActiveCfg = Debug|Any CPU
		{E513D95E-835C-4551-81DE-04AC6BC82AF7}.Debug|Any CPU.Build.0 = Debug|Any CPU
		{E513D95E-835C-4551-81DE-04AC6BC82AF7}.Release|Any CPU.ActiveCfg = Release|Any CPU
		{E513D95E-835C-4551-81DE-04AC6BC82AF7}.Release|Any CPU.Build.0 = Release|Any CPU
		{98DF0DE3-96F3-4BBC-8017-CA11C2C2C8F8}.Debug|Any CPU.ActiveCfg = Debug|Any CPU
		{98DF0DE3-96F3-4BBC-8017-CA11C2C2C8F8}.Debug|Any CPU.Build.0 = Debug|Any CPU
		{98DF0DE3-96F3-4BBC-8017-CA11C2C2C8F8}.Release|Any CPU.ActiveCfg = Release|Any CPU
		{98DF0DE3-96F3-4BBC-8017-CA11C2C2C8F8}.Release|Any CPU.Build.0 = Release|Any CPU
		{4A8BD2CC-9C3F-4165-B8B1-BB8445701FE7}.Debug|Any CPU.ActiveCfg = Debug|Any CPU
		{4A8BD2CC-9C3F-4165-B8B1-BB8445701FE7}.Debug|Any CPU.Build.0 = Debug|Any CPU
		{4A8BD2CC-9C3F-4165-B8B1-BB8445701FE7}.Release|Any CPU.ActiveCfg = Release|Any CPU
		{4A8BD2CC-9C3F-4165-B8B1-BB8445701FE7}.Release|Any CPU.Build.0 = Release|Any CPU
		{3EB1BFB7-54E7-4B99-A4D0-C1AC8C62DA19}.Debug|Any CPU.ActiveCfg = Debug|Any CPU
		{3EB1BFB7-54E7-4B99-A4D0-C1AC8C62DA19}.Debug|Any CPU.Build.0 = Debug|Any CPU
		{3EB1BFB7-54E7-4B99-A4D0-C1AC8C62DA19}.Release|Any CPU.ActiveCfg = Release|Any CPU
		{3EB1BFB7-54E7-4B99-A4D0-C1AC8C62DA19}.Release|Any CPU.Build.0 = Release|Any CPU
	EndGlobalSection
	GlobalSection(SolutionProperties) = preSolution
		HideSolutionNode = FALSE
	EndGlobalSection
	GlobalSection(ExtensibilityGlobals) = postSolution
		SolutionGuid = {63C1D6B1-16CE-4E9E-B4E0-330E7FFCEE7E}
	EndGlobalSection
EndGlobal
